
Microsoft Visual Studio Solution File, Format Version 12.00
# Visual Studio Version 17
VisualStudioVersion = 17.8.34330.188
MinimumVisualStudioVersion = 10.0.40219.1
Project("{FAE04EC0-301F-11D3-BF4B-00C04F79EFBC}") = "maui_ch", "maui_ch\maui_ch.csproj", "{F3E9F76C-ADA4-4B51-A602-B118668A6E4A}"
EndProject
Global
	GlobalSection(SolutionConfigurationPlatforms) = preSolution
		Debug|Any CPU = Debug|Any CPU
		Release|Any CPU = Release|Any CPU
	EndGlobalSection
	GlobalSection(ProjectConfigurationPlatforms) = postSolution
		{F3E9F76C-ADA4-4B51-A602-B118668A6E4A}.Debug|Any CPU.ActiveCfg = Debug|Any CPU
		{F3E9F76C-ADA4-4B51-A602-B118668A6E4A}.Debug|Any CPU.Build.0 = Debug|Any CPU
		{F3E9F76C-ADA4-4B51-A602-B118668A6E4A}.Debug|Any CPU.Deploy.0 = Debug|Any CPU
		{F3E9F76C-ADA4-4B51-A602-B118668A6E4A}.Release|Any CPU.ActiveCfg = Release|Any CPU
		{F3E9F76C-ADA4-4B51-A602-B118668A6E4A}.Release|Any CPU.Build.0 = Release|Any CPU
		{F3E9F76C-ADA4-4B51-A602-B118668A6E4A}.Release|Any CPU.Deploy.0 = Release|Any CPU
	EndGlobalSection
	GlobalSection(SolutionProperties) = preSolution
		HideSolutionNode = FALSE
	EndGlobalSection
	GlobalSection(ExtensibilityGlobals) = postSolution
		SolutionGuid = {FDCB6AD2-4EB5-49A5-84BE-AE722AAD2DFE}
	EndGlobalSection
EndGlobal
